
Microsoft Visual Studio Solution File, Format Version 12.00
# Visual Studio Version 17
VisualStudioVersion = 17.13.35931.197 d17.13
MinimumVisualStudioVersion = 10.0.40219.1
Project("{FAE04EC0-301F-11D3-BF4B-00C04F79EFBC}") = "WordSearchPossibleSolution", "WordSearchPossibleSolution.csproj", "{C664AA98-38DA-4B3C-8584-83236395702C}"
EndProject
Global
	GlobalSection(SolutionConfigurationPlatforms) = preSolution
		Debug|Any CPU = Debug|Any CPU
		Release|Any CPU = Release|Any CPU
	EndGlobalSection
	GlobalSection(ProjectConfigurationPlatforms) = postSolution
		{C664AA98-38DA-4B3C-8584-83236395702C}.Debug|Any CPU.ActiveCfg = Debug|Any CPU
		{C664AA98-38DA-4B3C-8584-83236395702C}.Debug|Any CPU.Build.0 = Debug|Any CPU
		{C664AA98-38DA-4B3C-8584-83236395702C}.Release|Any CPU.ActiveCfg = Release|Any CPU
		{C664AA98-38DA-4B3C-8584-83236395702C}.Release|Any CPU.Build.0 = Release|Any CPU
	EndGlobalSection
	GlobalSection(SolutionProperties) = preSolution
		HideSolutionNode = FALSE
	EndGlobalSection
	GlobalSection(ExtensibilityGlobals) = postSolution
		SolutionGuid = {B33D60EA-5FAC-44F2-AC55-8A11BE64E300}
	EndGlobalSection
EndGlobal
