
Microsoft Visual Studio Solution File, Format Version 12.00
# Visual Studio Version 17
VisualStudioVersion = 17.13.35931.197 d17.13
MinimumVisualStudioVersion = 10.0.40219.1
Project("{FAE04EC0-301F-11D3-BF4B-00C04F79EFBC}") = "StringInputParsingDemo", "StringInputParsingDemo.csproj", "{4BF6280F-A981-4C35-8ABC-847D73576B63}"
EndProject
Global
	GlobalSection(SolutionConfigurationPlatforms) = preSolution
		Debug|Any CPU = Debug|Any CPU
		Release|Any CPU = Release|Any CPU
	EndGlobalSection
	GlobalSection(ProjectConfigurationPlatforms) = postSolution
		{4BF6280F-A981-4C35-8ABC-847D73576B63}.Debug|Any CPU.ActiveCfg = Debug|Any CPU
		{4BF6280F-A981-4C35-8ABC-847D73576B63}.Debug|Any CPU.Build.0 = Debug|Any CPU
		{4BF6280F-A981-4C35-8ABC-847D73576B63}.Release|Any CPU.ActiveCfg = Release|Any CPU
		{4BF6280F-A981-4C35-8ABC-847D73576B63}.Release|Any CPU.Build.0 = Release|Any CPU
	EndGlobalSection
	GlobalSection(SolutionProperties) = preSolution
		HideSolutionNode = FALSE
	EndGlobalSection
	GlobalSection(ExtensibilityGlobals) = postSolution
		SolutionGuid = {830C4BE2-71CF-40D8-B542-F3986CD8A06E}
	EndGlobalSection
EndGlobal
