
Microsoft Visual Studio Solution File, Format Version 12.00
# Visual Studio Version 17
VisualStudioVersion = 17.13.35931.197 d17.13
MinimumVisualStudioVersion = 10.0.40219.1
Project("{FAE04EC0-301F-11D3-BF4B-00C04F79EFBC}") = "DictionaryDemo", "DictionaryDemo.csproj", "{B78CD326-7878-41C7-92A1-E78294F24BEF}"
EndProject
Global
	GlobalSection(SolutionConfigurationPlatforms) = preSolution
		Debug|Any CPU = Debug|Any CPU
		Release|Any CPU = Release|Any CPU
	EndGlobalSection
	GlobalSection(ProjectConfigurationPlatforms) = postSolution
		{B78CD326-7878-41C7-92A1-E78294F24BEF}.Debug|Any CPU.ActiveCfg = Debug|Any CPU
		{B78CD326-7878-41C7-92A1-E78294F24BEF}.Debug|Any CPU.Build.0 = Debug|Any CPU
		{B78CD326-7878-41C7-92A1-E78294F24BEF}.Release|Any CPU.ActiveCfg = Release|Any CPU
		{B78CD326-7878-41C7-92A1-E78294F24BEF}.Release|Any CPU.Build.0 = Release|Any CPU
	EndGlobalSection
	GlobalSection(SolutionProperties) = preSolution
		HideSolutionNode = FALSE
	EndGlobalSection
	GlobalSection(ExtensibilityGlobals) = postSolution
		SolutionGuid = {58DAA272-57FB-4B53-ADC5-4574CB9FF328}
	EndGlobalSection
EndGlobal
