
Microsoft Visual Studio Solution File, Format Version 12.00
# Visual Studio Version 17
VisualStudioVersion = 17.13.35931.197 d17.13
MinimumVisualStudioVersion = 10.0.40219.1
Project("{FAE04EC0-301F-11D3-BF4B-00C04F79EFBC}") = "MoreArraysAndRandomDemo", "MoreArraysAndRandomDemo.csproj", "{52B24FA5-EB80-44DD-ADFB-EC087E6D6442}"
EndProject
Global
	GlobalSection(SolutionConfigurationPlatforms) = preSolution
		Debug|Any CPU = Debug|Any CPU
		Release|Any CPU = Release|Any CPU
	EndGlobalSection
	GlobalSection(ProjectConfigurationPlatforms) = postSolution
		{52B24FA5-EB80-44DD-ADFB-EC087E6D6442}.Debug|Any CPU.ActiveCfg = Debug|Any CPU
		{52B24FA5-EB80-44DD-ADFB-EC087E6D6442}.Debug|Any CPU.Build.0 = Debug|Any CPU
		{52B24FA5-EB80-44DD-ADFB-EC087E6D6442}.Release|Any CPU.ActiveCfg = Release|Any CPU
		{52B24FA5-EB80-44DD-ADFB-EC087E6D6442}.Release|Any CPU.Build.0 = Release|Any CPU
	EndGlobalSection
	GlobalSection(SolutionProperties) = preSolution
		HideSolutionNode = FALSE
	EndGlobalSection
	GlobalSection(ExtensibilityGlobals) = postSolution
		SolutionGuid = {29E97E83-6DD5-49B1-8A4C-4CDCAC432E19}
	EndGlobalSection
EndGlobal
