
Microsoft Visual Studio Solution File, Format Version 12.00
# Visual Studio Version 17
VisualStudioVersion = 17.13.35931.197 d17.13
MinimumVisualStudioVersion = 10.0.40219.1
Project("{FAE04EC0-301F-11D3-BF4B-00C04F79EFBC}") = "PolymorphismDemo", "PolymorphismDemo.csproj", "{9C4BFB66-3F1C-4D09-B52A-C574EA048658}"
EndProject
Global
	GlobalSection(SolutionConfigurationPlatforms) = preSolution
		Debug|Any CPU = Debug|Any CPU
		Release|Any CPU = Release|Any CPU
	EndGlobalSection
	GlobalSection(ProjectConfigurationPlatforms) = postSolution
		{9C4BFB66-3F1C-4D09-B52A-C574EA048658}.Debug|Any CPU.ActiveCfg = Debug|Any CPU
		{9C4BFB66-3F1C-4D09-B52A-C574EA048658}.Debug|Any CPU.Build.0 = Debug|Any CPU
		{9C4BFB66-3F1C-4D09-B52A-C574EA048658}.Release|Any CPU.ActiveCfg = Release|Any CPU
		{9C4BFB66-3F1C-4D09-B52A-C574EA048658}.Release|Any CPU.Build.0 = Release|Any CPU
	EndGlobalSection
	GlobalSection(SolutionProperties) = preSolution
		HideSolutionNode = FALSE
	EndGlobalSection
	GlobalSection(ExtensibilityGlobals) = postSolution
		SolutionGuid = {01F81CED-CCE3-47CF-8DC3-8FD9673D6FE0}
	EndGlobalSection
EndGlobal
