
Microsoft Visual Studio Solution File, Format Version 12.00
# Visual Studio Version 17
VisualStudioVersion = 17.13.35931.197 d17.13
MinimumVisualStudioVersion = 10.0.40219.1
Project("{FAE04EC0-301F-11D3-BF4B-00C04F79EFBC}") = "AbstractDemo", "AbstractDemo.csproj", "{678B9279-3135-454B-B308-796EF97C7516}"
EndProject
Global
	GlobalSection(SolutionConfigurationPlatforms) = preSolution
		Debug|Any CPU = Debug|Any CPU
		Release|Any CPU = Release|Any CPU
	EndGlobalSection
	GlobalSection(ProjectConfigurationPlatforms) = postSolution
		{678B9279-3135-454B-B308-796EF97C7516}.Debug|Any CPU.ActiveCfg = Debug|Any CPU
		{678B9279-3135-454B-B308-796EF97C7516}.Debug|Any CPU.Build.0 = Debug|Any CPU
		{678B9279-3135-454B-B308-796EF97C7516}.Release|Any CPU.ActiveCfg = Release|Any CPU
		{678B9279-3135-454B-B308-796EF97C7516}.Release|Any CPU.Build.0 = Release|Any CPU
	EndGlobalSection
	GlobalSection(SolutionProperties) = preSolution
		HideSolutionNode = FALSE
	EndGlobalSection
	GlobalSection(ExtensibilityGlobals) = postSolution
		SolutionGuid = {237D9B4B-3658-4E29-82D2-118880F36E47}
	EndGlobalSection
EndGlobal
