
Microsoft Visual Studio Solution File, Format Version 12.00
# Visual Studio Version 17
VisualStudioVersion = 17.13.35931.197 d17.13
MinimumVisualStudioVersion = 10.0.40219.1
Project("{FAE04EC0-301F-11D3-BF4B-00C04F79EFBC}") = "BirthdayGeneratorPractice", "BirthdayGeneratorPractice.csproj", "{51D36030-14B2-4BAC-B9B3-1D9CF9EBF07F}"
EndProject
Global
	GlobalSection(SolutionConfigurationPlatforms) = preSolution
		Debug|Any CPU = Debug|Any CPU
		Release|Any CPU = Release|Any CPU
	EndGlobalSection
	GlobalSection(ProjectConfigurationPlatforms) = postSolution
		{51D36030-14B2-4BAC-B9B3-1D9CF9EBF07F}.Debug|Any CPU.ActiveCfg = Debug|Any CPU
		{51D36030-14B2-4BAC-B9B3-1D9CF9EBF07F}.Debug|Any CPU.Build.0 = Debug|Any CPU
		{51D36030-14B2-4BAC-B9B3-1D9CF9EBF07F}.Release|Any CPU.ActiveCfg = Release|Any CPU
		{51D36030-14B2-4BAC-B9B3-1D9CF9EBF07F}.Release|Any CPU.Build.0 = Release|Any CPU
	EndGlobalSection
	GlobalSection(SolutionProperties) = preSolution
		HideSolutionNode = FALSE
	EndGlobalSection
	GlobalSection(ExtensibilityGlobals) = postSolution
		SolutionGuid = {648B5CA0-6FCE-48F5-A1B8-A392BD45DB44}
	EndGlobalSection
EndGlobal
