
Microsoft Visual Studio Solution File, Format Version 12.00
# Visual Studio Version 17
VisualStudioVersion = 17.13.35931.197 d17.13
MinimumVisualStudioVersion = 10.0.40219.1
Project("{FAE04EC0-301F-11D3-BF4B-00C04F79EFBC}") = "ExceptionDemo", "ExceptionDemo.csproj", "{A838117C-3C55-47E2-BFC8-6CBF9B67E3C0}"
EndProject
Global
	GlobalSection(SolutionConfigurationPlatforms) = preSolution
		Debug|Any CPU = Debug|Any CPU
		Release|Any CPU = Release|Any CPU
	EndGlobalSection
	GlobalSection(ProjectConfigurationPlatforms) = postSolution
		{A838117C-3C55-47E2-BFC8-6CBF9B67E3C0}.Debug|Any CPU.ActiveCfg = Debug|Any CPU
		{A838117C-3C55-47E2-BFC8-6CBF9B67E3C0}.Debug|Any CPU.Build.0 = Debug|Any CPU
		{A838117C-3C55-47E2-BFC8-6CBF9B67E3C0}.Release|Any CPU.ActiveCfg = Release|Any CPU
		{A838117C-3C55-47E2-BFC8-6CBF9B67E3C0}.Release|Any CPU.Build.0 = Release|Any CPU
	EndGlobalSection
	GlobalSection(SolutionProperties) = preSolution
		HideSolutionNode = FALSE
	EndGlobalSection
	GlobalSection(ExtensibilityGlobals) = postSolution
		SolutionGuid = {A616FE5F-738E-4CFD-97FF-E684B2A54997}
	EndGlobalSection
EndGlobal
