
Microsoft Visual Studio Solution File, Format Version 12.00
# Visual Studio Version 17
VisualStudioVersion = 17.13.35931.197 d17.13
MinimumVisualStudioVersion = 10.0.40219.1
Project("{FAE04EC0-301F-11D3-BF4B-00C04F79EFBC}") = "NumeralSystemsAndCastingDemo", "NumeralSystemsAndCastingDemo.csproj", "{9B077898-7164-4B51-B478-1AE7A4329135}"
EndProject
Global
	GlobalSection(SolutionConfigurationPlatforms) = preSolution
		Debug|Any CPU = Debug|Any CPU
		Release|Any CPU = Release|Any CPU
	EndGlobalSection
	GlobalSection(ProjectConfigurationPlatforms) = postSolution
		{9B077898-7164-4B51-B478-1AE7A4329135}.Debug|Any CPU.ActiveCfg = Debug|Any CPU
		{9B077898-7164-4B51-B478-1AE7A4329135}.Debug|Any CPU.Build.0 = Debug|Any CPU
		{9B077898-7164-4B51-B478-1AE7A4329135}.Release|Any CPU.ActiveCfg = Release|Any CPU
		{9B077898-7164-4B51-B478-1AE7A4329135}.Release|Any CPU.Build.0 = Release|Any CPU
	EndGlobalSection
	GlobalSection(SolutionProperties) = preSolution
		HideSolutionNode = FALSE
	EndGlobalSection
	GlobalSection(ExtensibilityGlobals) = postSolution
		SolutionGuid = {98932F64-1F07-43B3-9E05-19E84385654D}
	EndGlobalSection
EndGlobal
